
Microsoft Visual Studio Solution File, Format Version 12.00
# Visual Studio 14
VisualStudioVersion = 14.0.24720.0
MinimumVisualStudioVersion = 10.0.40219.1
Project("{FAE04EC0-301F-11D3-BF4B-00C04F79EFBC}") = "GoG.Infrastructure", "GoG.Infrastructure\GoG.Infrastructure.csproj", "{1769BDFD-8773-4BC4-8935-AA85366CA342}"
EndProject
Project("{FAE04EC0-301F-11D3-BF4B-00C04F79EFBC}") = "GoG.Repository", "GoG.Repository\GoG.Repository.csproj", "{E8B3F247-8DA0-41B7-91D8-AB8F72BE6206}"
EndProject
Project("{FAE04EC0-301F-11D3-BF4B-00C04F79EFBC}") = "GoG.Database", "GoG.Database\GoG.Database.csproj", "{6EBBDD1C-760C-448C-95EF-0747CBC3CF44}"
EndProject
Project("{FAE04EC0-301F-11D3-BF4B-00C04F79EFBC}") = "GoG.Fuego", "GoG.Fuego\GoG.Fuego.csproj", "{723BE20E-B98F-42A0-B586-CA07FF91B967}"
EndProject
Project("{2150E333-8FDC-42A3-9474-1A3956D46DE8}") = "Server", "Server", "{732C11F6-511A-478B-9227-B3AF010D4EE7}"
EndProject
Project("{2150E333-8FDC-42A3-9474-1A3956D46DE8}") = "Engines", "Engines", "{A497C90F-59AE-4C6D-B46A-A7CE650DA95C}"
EndProject
Project("{2150E333-8FDC-42A3-9474-1A3956D46DE8}") = "Clients", "Clients", "{22518AC0-18D0-4F8D-BEB0-50F71366D654}"
EndProject
Project("{FAE04EC0-301F-11D3-BF4B-00C04F79EFBC}") = "GoG.WinRT", "GoG.WinRT\GoG.WinRT.csproj", "{364F2417-6567-4453-BCD5-D001020C27FA}"
	ProjectSection(ProjectDependencies) = postProject
		{6DD6E9CD-3DD5-4A1F-98BA-87E922213CF0} = {6DD6E9CD-3DD5-4A1F-98BA-87E922213CF0}
	EndProjectSection
EndProject
Project("{2150E333-8FDC-42A3-9474-1A3956D46DE8}") = "Tests", "Tests", "{9FEFE6F9-D323-44B2-9D42-0A4E13CE3E08}"
EndProject
Project("{FAE04EC0-301F-11D3-BF4B-00C04F79EFBC}") = "GoG.Services.Test", "GoG.Services.Test\GoG.Services.Test.csproj", "{A019DC49-0039-4138-826B-68BF5E8F04DA}"
EndProject
Project("{FAE04EC0-301F-11D3-BF4B-00C04F79EFBC}") = "GoG.Services.Tests.Common", "GoG.Services.Tests.Common\GoG.Services.Tests.Common.csproj", "{07E68C93-6CDB-4490-9B22-41DBD6EFA6C2}"
EndProject
Project("{FAE04EC0-301F-11D3-BF4B-00C04F79EFBC}") = "GoG.Board", "GoG.Board\GoG.Board.csproj", "{65123DBC-B6DB-419E-9934-A8727341977F}"
EndProject
Project("{FAE04EC0-301F-11D3-BF4B-00C04F79EFBC}") = "GoG.Services", "GoG.WcfServices\GoG.Services.csproj", "{6DD6E9CD-3DD5-4A1F-98BA-87E922213CF0}"
EndProject
Project("{FAE04EC0-301F-11D3-BF4B-00C04F79EFBC}") = "GoG.ServerCommon", "GoG.ServerCommon\GoG.ServerCommon.csproj", "{864817E1-C258-40EE-A5EC-0BD691C304BB}"
EndProject
Project("{8BC9CEB8-8B4A-11D0-8D11-00A0C91BC942}") = "FuegoLib", "FuegoLib\FuegoLib.vcxproj", "{3C853D91-087D-4F5E-B575-EB188DD51901}"
EndProject
Project("{8BC9CEB8-8B4A-11D0-8D11-00A0C91BC942}") = "FuegoUniversalComponent", "FuegoUniversalComponent\FuegoUniversalComponent.vcxproj", "{3E7497AC-B68F-4EE0-ABB1-79874A897514}"
EndProject
Global
	GlobalSection(SolutionConfigurationPlatforms) = preSolution
		Debug|Any CPU = Debug|Any CPU
		Debug|ARM = Debug|ARM
		Debug|Mixed Platforms = Debug|Mixed Platforms
		Debug|Win32 = Debug|Win32
		Debug|x64 = Debug|x64
		Debug|x86 = Debug|x86
		Release|Any CPU = Release|Any CPU
		Release|ARM = Release|ARM
		Release|Mixed Platforms = Release|Mixed Platforms
		Release|Win32 = Release|Win32
		Release|x64 = Release|x64
		Release|x86 = Release|x86
	EndGlobalSection
	GlobalSection(ProjectConfigurationPlatforms) = postSolution
		{1769BDFD-8773-4BC4-8935-AA85366CA342}.Debug|Any CPU.ActiveCfg = Debug|Any CPU
		{1769BDFD-8773-4BC4-8935-AA85366CA342}.Debug|Any CPU.Build.0 = Debug|Any CPU
		{1769BDFD-8773-4BC4-8935-AA85366CA342}.Debug|ARM.ActiveCfg = Debug|Any CPU
		{1769BDFD-8773-4BC4-8935-AA85366CA342}.Debug|Mixed Platforms.ActiveCfg = Debug|Any CPU
		{1769BDFD-8773-4BC4-8935-AA85366CA342}.Debug|Mixed Platforms.Build.0 = Debug|Any CPU
		{1769BDFD-8773-4BC4-8935-AA85366CA342}.Debug|Win32.ActiveCfg = Debug|Any CPU
		{1769BDFD-8773-4BC4-8935-AA85366CA342}.Debug|x64.ActiveCfg = Debug|Any CPU
		{1769BDFD-8773-4BC4-8935-AA85366CA342}.Debug|x86.ActiveCfg = Debug|Any CPU
		{1769BDFD-8773-4BC4-8935-AA85366CA342}.Release|Any CPU.ActiveCfg = Release|Any CPU
		{1769BDFD-8773-4BC4-8935-AA85366CA342}.Release|Any CPU.Build.0 = Release|Any CPU
		{1769BDFD-8773-4BC4-8935-AA85366CA342}.Release|ARM.ActiveCfg = Release|Any CPU
		{1769BDFD-8773-4BC4-8935-AA85366CA342}.Release|Mixed Platforms.ActiveCfg = Release|Any CPU
		{1769BDFD-8773-4BC4-8935-AA85366CA342}.Release|Mixed Platforms.Build.0 = Release|Any CPU
		{1769BDFD-8773-4BC4-8935-AA85366CA342}.Release|Win32.ActiveCfg = Release|Any CPU
		{1769BDFD-8773-4BC4-8935-AA85366CA342}.Release|x64.ActiveCfg = Release|Any CPU
		{1769BDFD-8773-4BC4-8935-AA85366CA342}.Release|x86.ActiveCfg = Release|Any CPU
		{E8B3F247-8DA0-41B7-91D8-AB8F72BE6206}.Debug|Any CPU.ActiveCfg = Debug|Any CPU
		{E8B3F247-8DA0-41B7-91D8-AB8F72BE6206}.Debug|Any CPU.Build.0 = Debug|Any CPU
		{E8B3F247-8DA0-41B7-91D8-AB8F72BE6206}.Debug|ARM.ActiveCfg = Debug|Any CPU
		{E8B3F247-8DA0-41B7-91D8-AB8F72BE6206}.Debug|Mixed Platforms.ActiveCfg = Debug|Any CPU
		{E8B3F247-8DA0-41B7-91D8-AB8F72BE6206}.Debug|Mixed Platforms.Build.0 = Debug|Any CPU
		{E8B3F247-8DA0-41B7-91D8-AB8F72BE6206}.Debug|Win32.ActiveCfg = Debug|Any CPU
		{E8B3F247-8DA0-41B7-91D8-AB8F72BE6206}.Debug|x64.ActiveCfg = Debug|Any CPU
		{E8B3F247-8DA0-41B7-91D8-AB8F72BE6206}.Debug|x86.ActiveCfg = Debug|Any CPU
		{E8B3F247-8DA0-41B7-91D8-AB8F72BE6206}.Release|Any CPU.ActiveCfg = Release|Any CPU
		{E8B3F247-8DA0-41B7-91D8-AB8F72BE6206}.Release|Any CPU.Build.0 = Release|Any CPU
		{E8B3F247-8DA0-41B7-91D8-AB8F72BE6206}.Release|ARM.ActiveCfg = Release|Any CPU
		{E8B3F247-8DA0-41B7-91D8-AB8F72BE6206}.Release|Mixed Platforms.ActiveCfg = Release|Any CPU
		{E8B3F247-8DA0-41B7-91D8-AB8F72BE6206}.Release|Mixed Platforms.Build.0 = Release|Any CPU
		{E8B3F247-8DA0-41B7-91D8-AB8F72BE6206}.Release|Win32.ActiveCfg = Release|Any CPU
		{E8B3F247-8DA0-41B7-91D8-AB8F72BE6206}.Release|x64.ActiveCfg = Release|Any CPU
		{E8B3F247-8DA0-41B7-91D8-AB8F72BE6206}.Release|x86.ActiveCfg = Release|Any CPU
		{6EBBDD1C-760C-448C-95EF-0747CBC3CF44}.Debug|Any CPU.ActiveCfg = Debug|Any CPU
		{6EBBDD1C-760C-448C-95EF-0747CBC3CF44}.Debug|Any CPU.Build.0 = Debug|Any CPU
		{6EBBDD1C-760C-448C-95EF-0747CBC3CF44}.Debug|ARM.ActiveCfg = Debug|Any CPU
		{6EBBDD1C-760C-448C-95EF-0747CBC3CF44}.Debug|Mixed Platforms.ActiveCfg = Debug|Any CPU
		{6EBBDD1C-760C-448C-95EF-0747CBC3CF44}.Debug|Mixed Platforms.Build.0 = Debug|Any CPU
		{6EBBDD1C-760C-448C-95EF-0747CBC3CF44}.Debug|Win32.ActiveCfg = Debug|Any CPU
		{6EBBDD1C-760C-448C-95EF-0747CBC3CF44}.Debug|x64.ActiveCfg = Debug|Any CPU
		{6EBBDD1C-760C-448C-95EF-0747CBC3CF44}.Debug|x86.ActiveCfg = Debug|Any CPU
		{6EBBDD1C-760C-448C-95EF-0747CBC3CF44}.Release|Any CPU.ActiveCfg = Release|Any CPU
		{6EBBDD1C-760C-448C-95EF-0747CBC3CF44}.Release|Any CPU.Build.0 = Release|Any CPU
		{6EBBDD1C-760C-448C-95EF-0747CBC3CF44}.Release|ARM.ActiveCfg = Release|Any CPU
		{6EBBDD1C-760C-448C-95EF-0747CBC3CF44}.Release|Mixed Platforms.ActiveCfg = Release|Any CPU
		{6EBBDD1C-760C-448C-95EF-0747CBC3CF44}.Release|Mixed Platforms.Build.0 = Release|Any CPU
		{6EBBDD1C-760C-448C-95EF-0747CBC3CF44}.Release|Win32.ActiveCfg = Release|Any CPU
		{6EBBDD1C-760C-448C-95EF-0747CBC3CF44}.Release|x64.ActiveCfg = Release|Any CPU
		{6EBBDD1C-760C-448C-95EF-0747CBC3CF44}.Release|x86.ActiveCfg = Release|Any CPU
		{723BE20E-B98F-42A0-B586-CA07FF91B967}.Debug|Any CPU.ActiveCfg = Debug|x64
		{723BE20E-B98F-42A0-B586-CA07FF91B967}.Debug|Any CPU.Build.0 = Debug|x64
		{723BE20E-B98F-42A0-B586-CA07FF91B967}.Debug|ARM.ActiveCfg = Debug|Any CPU
		{723BE20E-B98F-42A0-B586-CA07FF91B967}.Debug|Mixed Platforms.ActiveCfg = Debug|Any CPU
		{723BE20E-B98F-42A0-B586-CA07FF91B967}.Debug|Mixed Platforms.Build.0 = Debug|Any CPU
		{723BE20E-B98F-42A0-B586-CA07FF91B967}.Debug|Win32.ActiveCfg = Debug|Any CPU
		{723BE20E-B98F-42A0-B586-CA07FF91B967}.Debug|x64.ActiveCfg = Debug|Any CPU
		{723BE20E-B98F-42A0-B586-CA07FF91B967}.Debug|x86.ActiveCfg = Debug|Any CPU
		{723BE20E-B98F-42A0-B586-CA07FF91B967}.Release|Any CPU.ActiveCfg = Release|Any CPU
		{723BE20E-B98F-42A0-B586-CA07FF91B967}.Release|Any CPU.Build.0 = Release|Any CPU
		{723BE20E-B98F-42A0-B586-CA07FF91B967}.Release|ARM.ActiveCfg = Release|Any CPU
		{723BE20E-B98F-42A0-B586-CA07FF91B967}.Release|Mixed Platforms.ActiveCfg = Release|Any CPU
		{723BE20E-B98F-42A0-B586-CA07FF91B967}.Release|Mixed Platforms.Build.0 = Release|Any CPU
		{723BE20E-B98F-42A0-B586-CA07FF91B967}.Release|Win32.ActiveCfg = Release|Any CPU
		{723BE20E-B98F-42A0-B586-CA07FF91B967}.Release|x64.ActiveCfg = Release|Any CPU
		{723BE20E-B98F-42A0-B586-CA07FF91B967}.Release|x86.ActiveCfg = Release|Any CPU
		{364F2417-6567-4453-BCD5-D001020C27FA}.Debug|Any CPU.ActiveCfg = Debug|x86
		{364F2417-6567-4453-BCD5-D001020C27FA}.Debug|ARM.ActiveCfg = Debug|ARM
		{364F2417-6567-4453-BCD5-D001020C27FA}.Debug|ARM.Build.0 = Debug|ARM
		{364F2417-6567-4453-BCD5-D001020C27FA}.Debug|ARM.Deploy.0 = Debug|ARM
		{364F2417-6567-4453-BCD5-D001020C27FA}.Debug|Mixed Platforms.ActiveCfg = Debug|x86
		{364F2417-6567-4453-BCD5-D001020C27FA}.Debug|Win32.ActiveCfg = Debug|x86
		{364F2417-6567-4453-BCD5-D001020C27FA}.Debug|x64.ActiveCfg = Debug|x64
		{364F2417-6567-4453-BCD5-D001020C27FA}.Debug|x64.Build.0 = Debug|x64
		{364F2417-6567-4453-BCD5-D001020C27FA}.Debug|x64.Deploy.0 = Debug|x64
		{364F2417-6567-4453-BCD5-D001020C27FA}.Debug|x86.ActiveCfg = Debug|x86
		{364F2417-6567-4453-BCD5-D001020C27FA}.Debug|x86.Build.0 = Debug|x86
		{364F2417-6567-4453-BCD5-D001020C27FA}.Debug|x86.Deploy.0 = Debug|x86
		{364F2417-6567-4453-BCD5-D001020C27FA}.Release|Any CPU.ActiveCfg = Release|x86
		{364F2417-6567-4453-BCD5-D001020C27FA}.Release|ARM.ActiveCfg = Release|ARM
		{364F2417-6567-4453-BCD5-D001020C27FA}.Release|ARM.Build.0 = Release|ARM
		{364F2417-6567-4453-BCD5-D001020C27FA}.Release|ARM.Deploy.0 = Release|ARM
		{364F2417-6567-4453-BCD5-D001020C27FA}.Release|Mixed Platforms.ActiveCfg = Release|x86
		{364F2417-6567-4453-BCD5-D001020C27FA}.Release|Win32.ActiveCfg = Release|x86
		{364F2417-6567-4453-BCD5-D001020C27FA}.Release|x64.ActiveCfg = Release|x64
		{364F2417-6567-4453-BCD5-D001020C27FA}.Release|x64.Build.0 = Release|x64
		{364F2417-6567-4453-BCD5-D001020C27FA}.Release|x64.Deploy.0 = Release|x64
		{364F2417-6567-4453-BCD5-D001020C27FA}.Release|x86.ActiveCfg = Release|x86
		{364F2417-6567-4453-BCD5-D001020C27FA}.Release|x86.Build.0 = Release|x86
		{364F2417-6567-4453-BCD5-D001020C27FA}.Release|x86.Deploy.0 = Release|x86
		{A019DC49-0039-4138-826B-68BF5E8F04DA}.Debug|Any CPU.ActiveCfg = Debug|Any CPU
		{A019DC49-0039-4138-826B-68BF5E8F04DA}.Debug|Any CPU.Build.0 = Debug|Any CPU
		{A019DC49-0039-4138-826B-68BF5E8F04DA}.Debug|ARM.ActiveCfg = Debug|Any CPU
		{A019DC49-0039-4138-826B-68BF5E8F04DA}.Debug|Mixed Platforms.ActiveCfg = Debug|Any CPU
		{A019DC49-0039-4138-826B-68BF5E8F04DA}.Debug|Mixed Platforms.Build.0 = Debug|Any CPU
		{A019DC49-0039-4138-826B-68BF5E8F04DA}.Debug|Win32.ActiveCfg = Debug|Any CPU
		{A019DC49-0039-4138-826B-68BF5E8F04DA}.Debug|x64.ActiveCfg = Debug|Any CPU
		{A019DC49-0039-4138-826B-68BF5E8F04DA}.Debug|x86.ActiveCfg = Debug|Any CPU
		{A019DC49-0039-4138-826B-68BF5E8F04DA}.Release|Any CPU.ActiveCfg = Release|Any CPU
		{A019DC49-0039-4138-826B-68BF5E8F04DA}.Release|Any CPU.Build.0 = Release|Any CPU
		{A019DC49-0039-4138-826B-68BF5E8F04DA}.Release|ARM.ActiveCfg = Release|Any CPU
		{A019DC49-0039-4138-826B-68BF5E8F04DA}.Release|Mixed Platforms.ActiveCfg = Release|Any CPU
		{A019DC49-0039-4138-826B-68BF5E8F04DA}.Release|Mixed Platforms.Build.0 = Release|Any CPU
		{A019DC49-0039-4138-826B-68BF5E8F04DA}.Release|Win32.ActiveCfg = Release|Any CPU
		{A019DC49-0039-4138-826B-68BF5E8F04DA}.Release|x64.ActiveCfg = Release|Any CPU
		{A019DC49-0039-4138-826B-68BF5E8F04DA}.Release|x86.ActiveCfg = Release|Any CPU
		{07E68C93-6CDB-4490-9B22-41DBD6EFA6C2}.Debug|Any CPU.ActiveCfg = Debug|Any CPU
		{07E68C93-6CDB-4490-9B22-41DBD6EFA6C2}.Debug|Any CPU.Build.0 = Debug|Any CPU
		{07E68C93-6CDB-4490-9B22-41DBD6EFA6C2}.Debug|ARM.ActiveCfg = Debug|Any CPU
		{07E68C93-6CDB-4490-9B22-41DBD6EFA6C2}.Debug|Mixed Platforms.ActiveCfg = Debug|Any CPU
		{07E68C93-6CDB-4490-9B22-41DBD6EFA6C2}.Debug|Mixed Platforms.Build.0 = Debug|Any CPU
		{07E68C93-6CDB-4490-9B22-41DBD6EFA6C2}.Debug|Win32.ActiveCfg = Debug|Any CPU
		{07E68C93-6CDB-4490-9B22-41DBD6EFA6C2}.Debug|x64.ActiveCfg = Debug|Any CPU
		{07E68C93-6CDB-4490-9B22-41DBD6EFA6C2}.Debug|x86.ActiveCfg = Debug|Any CPU
		{07E68C93-6CDB-4490-9B22-41DBD6EFA6C2}.Release|Any CPU.ActiveCfg = Release|Any CPU
		{07E68C93-6CDB-4490-9B22-41DBD6EFA6C2}.Release|Any CPU.Build.0 = Release|Any CPU
		{07E68C93-6CDB-4490-9B22-41DBD6EFA6C2}.Release|ARM.ActiveCfg = Release|Any CPU
		{07E68C93-6CDB-4490-9B22-41DBD6EFA6C2}.Release|Mixed Platforms.ActiveCfg = Release|Any CPU
		{07E68C93-6CDB-4490-9B22-41DBD6EFA6C2}.Release|Mixed Platforms.Build.0 = Release|Any CPU
		{07E68C93-6CDB-4490-9B22-41DBD6EFA6C2}.Release|Win32.ActiveCfg = Release|Any CPU
		{07E68C93-6CDB-4490-9B22-41DBD6EFA6C2}.Release|x64.ActiveCfg = Release|Any CPU
		{07E68C93-6CDB-4490-9B22-41DBD6EFA6C2}.Release|x86.ActiveCfg = Release|Any CPU
		{65123DBC-B6DB-419E-9934-A8727341977F}.Debug|Any CPU.ActiveCfg = Debug|x86
		{65123DBC-B6DB-419E-9934-A8727341977F}.Debug|ARM.ActiveCfg = Debug|ARM
		{65123DBC-B6DB-419E-9934-A8727341977F}.Debug|ARM.Build.0 = Debug|ARM
		{65123DBC-B6DB-419E-9934-A8727341977F}.Debug|Mixed Platforms.ActiveCfg = Debug|x86
		{65123DBC-B6DB-419E-9934-A8727341977F}.Debug|Mixed Platforms.Build.0 = Debug|x86
		{65123DBC-B6DB-419E-9934-A8727341977F}.Debug|Win32.ActiveCfg = Debug|x86
		{65123DBC-B6DB-419E-9934-A8727341977F}.Debug|Win32.Build.0 = Debug|x86
		{65123DBC-B6DB-419E-9934-A8727341977F}.Debug|x64.ActiveCfg = Debug|x64
		{65123DBC-B6DB-419E-9934-A8727341977F}.Debug|x64.Build.0 = Debug|x64
		{65123DBC-B6DB-419E-9934-A8727341977F}.Debug|x86.ActiveCfg = Debug|x86
		{65123DBC-B6DB-419E-9934-A8727341977F}.Debug|x86.Build.0 = Debug|x86
		{65123DBC-B6DB-419E-9934-A8727341977F}.Release|Any CPU.ActiveCfg = Release|x86
		{65123DBC-B6DB-419E-9934-A8727341977F}.Release|ARM.ActiveCfg = Release|ARM
		{65123DBC-B6DB-419E-9934-A8727341977F}.Release|ARM.Build.0 = Release|ARM
		{65123DBC-B6DB-419E-9934-A8727341977F}.Release|Mixed Platforms.ActiveCfg = Release|x86
		{65123DBC-B6DB-419E-9934-A8727341977F}.Release|Mixed Platforms.Build.0 = Release|x86
		{65123DBC-B6DB-419E-9934-A8727341977F}.Release|Win32.ActiveCfg = Release|x86
		{65123DBC-B6DB-419E-9934-A8727341977F}.Release|Win32.Build.0 = Release|x86
		{65123DBC-B6DB-419E-9934-A8727341977F}.Release|x64.ActiveCfg = Release|x64
		{65123DBC-B6DB-419E-9934-A8727341977F}.Release|x64.Build.0 = Release|x64
		{65123DBC-B6DB-419E-9934-A8727341977F}.Release|x86.ActiveCfg = Release|x86
		{65123DBC-B6DB-419E-9934-A8727341977F}.Release|x86.Build.0 = Release|x86
		{6DD6E9CD-3DD5-4A1F-98BA-87E922213CF0}.Debug|Any CPU.ActiveCfg = Debug|x64
		{6DD6E9CD-3DD5-4A1F-98BA-87E922213CF0}.Debug|Any CPU.Build.0 = Debug|x64
		{6DD6E9CD-3DD5-4A1F-98BA-87E922213CF0}.Debug|ARM.ActiveCfg = Debug|Any CPU
		{6DD6E9CD-3DD5-4A1F-98BA-87E922213CF0}.Debug|Mixed Platforms.ActiveCfg = Debug|Any CPU
		{6DD6E9CD-3DD5-4A1F-98BA-87E922213CF0}.Debug|Mixed Platforms.Build.0 = Debug|Any CPU
		{6DD6E9CD-3DD5-4A1F-98BA-87E922213CF0}.Debug|Win32.ActiveCfg = Debug|Any CPU
		{6DD6E9CD-3DD5-4A1F-98BA-87E922213CF0}.Debug|x64.ActiveCfg = Debug|Any CPU
		{6DD6E9CD-3DD5-4A1F-98BA-87E922213CF0}.Debug|x86.ActiveCfg = Debug|Any CPU
		{6DD6E9CD-3DD5-4A1F-98BA-87E922213CF0}.Release|Any CPU.ActiveCfg = Release|Any CPU
		{6DD6E9CD-3DD5-4A1F-98BA-87E922213CF0}.Release|Any CPU.Build.0 = Release|Any CPU
		{6DD6E9CD-3DD5-4A1F-98BA-87E922213CF0}.Release|ARM.ActiveCfg = Release|Any CPU
		{6DD6E9CD-3DD5-4A1F-98BA-87E922213CF0}.Release|Mixed Platforms.ActiveCfg = Release|Any CPU
		{6DD6E9CD-3DD5-4A1F-98BA-87E922213CF0}.Release|Mixed Platforms.Build.0 = Release|Any CPU
		{6DD6E9CD-3DD5-4A1F-98BA-87E922213CF0}.Release|Win32.ActiveCfg = Release|Any CPU
		{6DD6E9CD-3DD5-4A1F-98BA-87E922213CF0}.Release|x64.ActiveCfg = Release|Any CPU
		{6DD6E9CD-3DD5-4A1F-98BA-87E922213CF0}.Release|x86.ActiveCfg = Release|Any CPU
		{864817E1-C258-40EE-A5EC-0BD691C304BB}.Debug|Any CPU.ActiveCfg = Debug|Any CPU
		{864817E1-C258-40EE-A5EC-0BD691C304BB}.Debug|Any CPU.Build.0 = Debug|Any CPU
		{864817E1-C258-40EE-A5EC-0BD691C304BB}.Debug|ARM.ActiveCfg = Debug|Any CPU
		{864817E1-C258-40EE-A5EC-0BD691C304BB}.Debug|Mixed Platforms.ActiveCfg = Debug|Any CPU
		{864817E1-C258-40EE-A5EC-0BD691C304BB}.Debug|Mixed Platforms.Build.0 = Debug|Any CPU
		{864817E1-C258-40EE-A5EC-0BD691C304BB}.Debug|Win32.ActiveCfg = Debug|Any CPU
		{864817E1-C258-40EE-A5EC-0BD691C304BB}.Debug|x64.ActiveCfg = Debug|Any CPU
		{864817E1-C258-40EE-A5EC-0BD691C304BB}.Debug|x86.ActiveCfg = Debug|Any CPU
		{864817E1-C258-40EE-A5EC-0BD691C304BB}.Release|Any CPU.ActiveCfg = Release|Any CPU
		{864817E1-C258-40EE-A5EC-0BD691C304BB}.Release|Any CPU.Build.0 = Release|Any CPU
		{864817E1-C258-40EE-A5EC-0BD691C304BB}.Release|ARM.ActiveCfg = Release|Any CPU
		{864817E1-C258-40EE-A5EC-0BD691C304BB}.Release|Mixed Platforms.ActiveCfg = Release|Any CPU
		{864817E1-C258-40EE-A5EC-0BD691C304BB}.Release|Mixed Platforms.Build.0 = Release|Any CPU
		{864817E1-C258-40EE-A5EC-0BD691C304BB}.Release|Win32.ActiveCfg = Release|Any CPU
		{864817E1-C258-40EE-A5EC-0BD691C304BB}.Release|x64.ActiveCfg = Release|Any CPU
		{864817E1-C258-40EE-A5EC-0BD691C304BB}.Release|x86.ActiveCfg = Release|Any CPU
		{3C853D91-087D-4F5E-B575-EB188DD51901}.Debug|Any CPU.ActiveCfg = Debug|Win32
		{3C853D91-087D-4F5E-B575-EB188DD51901}.Debug|ARM.ActiveCfg = Debug|ARM
		{3C853D91-087D-4F5E-B575-EB188DD51901}.Debug|ARM.Build.0 = Debug|ARM
		{3C853D91-087D-4F5E-B575-EB188DD51901}.Debug|Mixed Platforms.ActiveCfg = Debug|Win32
		{3C853D91-087D-4F5E-B575-EB188DD51901}.Debug|Mixed Platforms.Build.0 = Debug|Win32
		{3C853D91-087D-4F5E-B575-EB188DD51901}.Debug|Win32.ActiveCfg = Debug|Win32
		{3C853D91-087D-4F5E-B575-EB188DD51901}.Debug|Win32.Build.0 = Debug|Win32
		{3C853D91-087D-4F5E-B575-EB188DD51901}.Debug|x64.ActiveCfg = Debug|x64
		{3C853D91-087D-4F5E-B575-EB188DD51901}.Debug|x64.Build.0 = Debug|x64
		{3C853D91-087D-4F5E-B575-EB188DD51901}.Debug|x86.ActiveCfg = Debug|Win32
		{3C853D91-087D-4F5E-B575-EB188DD51901}.Debug|x86.Build.0 = Debug|Win32
		{3C853D91-087D-4F5E-B575-EB188DD51901}.Release|Any CPU.ActiveCfg = Release|Win32
		{3C853D91-087D-4F5E-B575-EB188DD51901}.Release|ARM.ActiveCfg = Release|ARM
		{3C853D91-087D-4F5E-B575-EB188DD51901}.Release|ARM.Build.0 = Release|ARM
		{3C853D91-087D-4F5E-B575-EB188DD51901}.Release|Mixed Platforms.ActiveCfg = Release|Win32
		{3C853D91-087D-4F5E-B575-EB188DD51901}.Release|Mixed Platforms.Build.0 = Release|Win32
		{3C853D91-087D-4F5E-B575-EB188DD51901}.Release|Win32.ActiveCfg = Release|Win32
		{3C853D91-087D-4F5E-B575-EB188DD51901}.Release|Win32.Build.0 = Release|Win32
		{3C853D91-087D-4F5E-B575-EB188DD51901}.Release|x64.ActiveCfg = Release|x64
		{3C853D91-087D-4F5E-B575-EB188DD51901}.Release|x64.Build.0 = Release|x64
		{3C853D91-087D-4F5E-B575-EB188DD51901}.Release|x86.ActiveCfg = Release|Win32
		{3C853D91-087D-4F5E-B575-EB188DD51901}.Release|x86.Build.0 = Release|Win32
		{3E7497AC-B68F-4EE0-ABB1-79874A897514}.Debug|Any CPU.ActiveCfg = Debug|Win32
		{3E7497AC-B68F-4EE0-ABB1-79874A897514}.Debug|ARM.ActiveCfg = Debug|ARM
		{3E7497AC-B68F-4EE0-ABB1-79874A897514}.Debug|ARM.Build.0 = Debug|ARM
		{3E7497AC-B68F-4EE0-ABB1-79874A897514}.Debug|Mixed Platforms.ActiveCfg = Debug|Win32
		{3E7497AC-B68F-4EE0-ABB1-79874A897514}.Debug|Mixed Platforms.Build.0 = Debug|Win32
		{3E7497AC-B68F-4EE0-ABB1-79874A897514}.Debug|Win32.ActiveCfg = Debug|Win32
		{3E7497AC-B68F-4EE0-ABB1-79874A897514}.Debug|Win32.Build.0 = Debug|Win32
		{3E7497AC-B68F-4EE0-ABB1-79874A897514}.Debug|x64.ActiveCfg = Debug|x64
		{3E7497AC-B68F-4EE0-ABB1-79874A897514}.Debug|x64.Build.0 = Debug|x64
		{3E7497AC-B68F-4EE0-ABB1-79874A897514}.Debug|x86.ActiveCfg = Debug|Win32
		{3E7497AC-B68F-4EE0-ABB1-79874A897514}.Debug|x86.Build.0 = Debug|Win32
		{3E7497AC-B68F-4EE0-ABB1-79874A897514}.Release|Any CPU.ActiveCfg = Release|Win32
		{3E7497AC-B68F-4EE0-ABB1-79874A897514}.Release|ARM.ActiveCfg = Release|ARM
		{3E7497AC-B68F-4EE0-ABB1-79874A897514}.Release|ARM.Build.0 = Release|ARM
		{3E7497AC-B68F-4EE0-ABB1-79874A897514}.Release|Mixed Platforms.ActiveCfg = Release|Win32
		{3E7497AC-B68F-4EE0-ABB1-79874A897514}.Release|Mixed Platforms.Build.0 = Release|Win32
		{3E7497AC-B68F-4EE0-ABB1-79874A897514}.Release|Win32.ActiveCfg = Release|Win32
		{3E7497AC-B68F-4EE0-ABB1-79874A897514}.Release|Win32.Build.0 = Release|Win32
		{3E7497AC-B68F-4EE0-ABB1-79874A897514}.Release|x64.ActiveCfg = Release|x64
		{3E7497AC-B68F-4EE0-ABB1-79874A897514}.Release|x64.Build.0 = Release|x64
		{3E7497AC-B68F-4EE0-ABB1-79874A897514}.Release|x86.ActiveCfg = Release|Win32
		{3E7497AC-B68F-4EE0-ABB1-79874A897514}.Release|x86.Build.0 = Release|Win32
	EndGlobalSection
	GlobalSection(SolutionProperties) = preSolution
		HideSolutionNode = FALSE
	EndGlobalSection
	GlobalSection(NestedProjects) = preSolution
		{E8B3F247-8DA0-41B7-91D8-AB8F72BE6206} = {732C11F6-511A-478B-9227-B3AF010D4EE7}
		{6EBBDD1C-760C-448C-95EF-0747CBC3CF44} = {732C11F6-511A-478B-9227-B3AF010D4EE7}
		{723BE20E-B98F-42A0-B586-CA07FF91B967} = {A497C90F-59AE-4C6D-B46A-A7CE650DA95C}
		{A497C90F-59AE-4C6D-B46A-A7CE650DA95C} = {732C11F6-511A-478B-9227-B3AF010D4EE7}
		{364F2417-6567-4453-BCD5-D001020C27FA} = {22518AC0-18D0-4F8D-BEB0-50F71366D654}
		{A019DC49-0039-4138-826B-68BF5E8F04DA} = {9FEFE6F9-D323-44B2-9D42-0A4E13CE3E08}
		{07E68C93-6CDB-4490-9B22-41DBD6EFA6C2} = {9FEFE6F9-D323-44B2-9D42-0A4E13CE3E08}
		{65123DBC-B6DB-419E-9934-A8727341977F} = {22518AC0-18D0-4F8D-BEB0-50F71366D654}
		{6DD6E9CD-3DD5-4A1F-98BA-87E922213CF0} = {732C11F6-511A-478B-9227-B3AF010D4EE7}
		{864817E1-C258-40EE-A5EC-0BD691C304BB} = {732C11F6-511A-478B-9227-B3AF010D4EE7}
		{3C853D91-087D-4F5E-B575-EB188DD51901} = {22518AC0-18D0-4F8D-BEB0-50F71366D654}
		{3E7497AC-B68F-4EE0-ABB1-79874A897514} = {22518AC0-18D0-4F8D-BEB0-50F71366D654}
	EndGlobalSection
EndGlobal
