
Microsoft Visual Studio Solution File, Format Version 12.00
# Visual Studio 2013
VisualStudioVersion = 12.0.31101.0
MinimumVisualStudioVersion = 10.0.40219.1
Project("{2150E333-8FDC-42A3-9474-1A3956D46DE8}") = "GoG.Client", "GoG.Client", "{D4D53C6B-EB00-4E4B-B2D3-8FAD7EF0BFF9}"
EndProject
Project("{D954291E-2A0B-460D-934E-DC6B0785DB48}") = "GoG.Client.Shared", "GoG.Client\GoG.Client.Shared\GoG.Client.Shared.shproj", "{3587C8C5-7C45-4BA3-BB59-DA9E56744AF3}"
EndProject
Project("{FAE04EC0-301F-11D3-BF4B-00C04F79EFBC}") = "GoG.Client.Windows", "GoG.Client\GoG.Client.Windows\GoG.Client.Windows.csproj", "{10ADEB64-3D5A-4DDD-9AC2-F1466CBE390E}"
EndProject
Project("{FAE04EC0-301F-11D3-BF4B-00C04F79EFBC}") = "GoG.Client.WindowsPhone", "GoG.Client\GoG.Client.WindowsPhone\GoG.Client.WindowsPhone.csproj", "{4A96E754-C4FD-4B41-9FE2-21104E38C173}"
EndProject
Project("{FAE04EC0-301F-11D3-BF4B-00C04F79EFBC}") = "GoG.Infrastructure", "GoG.Infrastructure\GoG.Infrastructure.csproj", "{1769BDFD-8773-4BC4-8935-AA85366CA342}"
EndProject
Project("{FAE04EC0-301F-11D3-BF4B-00C04F79EFBC}") = "GoG.Resources", "GoG.Resources\GoG.Resources.csproj", "{BA213B6C-FDBE-4608-A785-CDE8E3518A0F}"
EndProject
Project("{2150E333-8FDC-42A3-9474-1A3956D46DE8}") = "Server", "Server", "{D98DAB0F-54B1-439E-B19A-1022C9BB515B}"
EndProject
Global
	GlobalSection(SharedMSBuildProjectFiles) = preSolution
		GoG.Client\GoG.Client.Shared\GoG.Client.Shared.projitems*{3587c8c5-7c45-4ba3-bb59-da9e56744af3}*SharedItemsImports = 13
		GoG.Client\GoG.Client.Shared\GoG.Client.Shared.projitems*{10adeb64-3d5a-4ddd-9ac2-f1466cbe390e}*SharedItemsImports = 4
	EndGlobalSection
	GlobalSection(SolutionConfigurationPlatforms) = preSolution
		Debug|Any CPU = Debug|Any CPU
		Debug|ARM = Debug|ARM
		Debug|x64 = Debug|x64
		Debug|x86 = Debug|x86
		Release|Any CPU = Release|Any CPU
		Release|ARM = Release|ARM
		Release|x64 = Release|x64
		Release|x86 = Release|x86
	EndGlobalSection
	GlobalSection(ProjectConfigurationPlatforms) = postSolution
		{10ADEB64-3D5A-4DDD-9AC2-F1466CBE390E}.Debug|Any CPU.ActiveCfg = Debug|Any CPU
		{10ADEB64-3D5A-4DDD-9AC2-F1466CBE390E}.Debug|Any CPU.Build.0 = Debug|Any CPU
		{10ADEB64-3D5A-4DDD-9AC2-F1466CBE390E}.Debug|Any CPU.Deploy.0 = Debug|Any CPU
		{10ADEB64-3D5A-4DDD-9AC2-F1466CBE390E}.Debug|ARM.ActiveCfg = Debug|ARM
		{10ADEB64-3D5A-4DDD-9AC2-F1466CBE390E}.Debug|ARM.Build.0 = Debug|ARM
		{10ADEB64-3D5A-4DDD-9AC2-F1466CBE390E}.Debug|ARM.Deploy.0 = Debug|ARM
		{10ADEB64-3D5A-4DDD-9AC2-F1466CBE390E}.Debug|x64.ActiveCfg = Debug|x64
		{10ADEB64-3D5A-4DDD-9AC2-F1466CBE390E}.Debug|x64.Build.0 = Debug|x64
		{10ADEB64-3D5A-4DDD-9AC2-F1466CBE390E}.Debug|x64.Deploy.0 = Debug|x64
		{10ADEB64-3D5A-4DDD-9AC2-F1466CBE390E}.Debug|x86.ActiveCfg = Debug|x86
		{10ADEB64-3D5A-4DDD-9AC2-F1466CBE390E}.Debug|x86.Build.0 = Debug|x86
		{10ADEB64-3D5A-4DDD-9AC2-F1466CBE390E}.Debug|x86.Deploy.0 = Debug|x86
		{10ADEB64-3D5A-4DDD-9AC2-F1466CBE390E}.Release|Any CPU.ActiveCfg = Release|Any CPU
		{10ADEB64-3D5A-4DDD-9AC2-F1466CBE390E}.Release|Any CPU.Build.0 = Release|Any CPU
		{10ADEB64-3D5A-4DDD-9AC2-F1466CBE390E}.Release|Any CPU.Deploy.0 = Release|Any CPU
		{10ADEB64-3D5A-4DDD-9AC2-F1466CBE390E}.Release|ARM.ActiveCfg = Release|ARM
		{10ADEB64-3D5A-4DDD-9AC2-F1466CBE390E}.Release|ARM.Build.0 = Release|ARM
		{10ADEB64-3D5A-4DDD-9AC2-F1466CBE390E}.Release|ARM.Deploy.0 = Release|ARM
		{10ADEB64-3D5A-4DDD-9AC2-F1466CBE390E}.Release|x64.ActiveCfg = Release|x64
		{10ADEB64-3D5A-4DDD-9AC2-F1466CBE390E}.Release|x64.Build.0 = Release|x64
		{10ADEB64-3D5A-4DDD-9AC2-F1466CBE390E}.Release|x64.Deploy.0 = Release|x64
		{10ADEB64-3D5A-4DDD-9AC2-F1466CBE390E}.Release|x86.ActiveCfg = Release|x86
		{10ADEB64-3D5A-4DDD-9AC2-F1466CBE390E}.Release|x86.Build.0 = Release|x86
		{10ADEB64-3D5A-4DDD-9AC2-F1466CBE390E}.Release|x86.Deploy.0 = Release|x86
		{4A96E754-C4FD-4B41-9FE2-21104E38C173}.Debug|Any CPU.ActiveCfg = Debug|Any CPU
		{4A96E754-C4FD-4B41-9FE2-21104E38C173}.Debug|Any CPU.Build.0 = Debug|Any CPU
		{4A96E754-C4FD-4B41-9FE2-21104E38C173}.Debug|Any CPU.Deploy.0 = Debug|Any CPU
		{4A96E754-C4FD-4B41-9FE2-21104E38C173}.Debug|ARM.ActiveCfg = Debug|ARM
		{4A96E754-C4FD-4B41-9FE2-21104E38C173}.Debug|ARM.Build.0 = Debug|ARM
		{4A96E754-C4FD-4B41-9FE2-21104E38C173}.Debug|ARM.Deploy.0 = Debug|ARM
		{4A96E754-C4FD-4B41-9FE2-21104E38C173}.Debug|x64.ActiveCfg = Debug|Any CPU
		{4A96E754-C4FD-4B41-9FE2-21104E38C173}.Debug|x86.ActiveCfg = Debug|x86
		{4A96E754-C4FD-4B41-9FE2-21104E38C173}.Debug|x86.Build.0 = Debug|x86
		{4A96E754-C4FD-4B41-9FE2-21104E38C173}.Debug|x86.Deploy.0 = Debug|x86
		{4A96E754-C4FD-4B41-9FE2-21104E38C173}.Release|Any CPU.ActiveCfg = Release|Any CPU
		{4A96E754-C4FD-4B41-9FE2-21104E38C173}.Release|Any CPU.Build.0 = Release|Any CPU
		{4A96E754-C4FD-4B41-9FE2-21104E38C173}.Release|Any CPU.Deploy.0 = Release|Any CPU
		{4A96E754-C4FD-4B41-9FE2-21104E38C173}.Release|ARM.ActiveCfg = Release|ARM
		{4A96E754-C4FD-4B41-9FE2-21104E38C173}.Release|ARM.Build.0 = Release|ARM
		{4A96E754-C4FD-4B41-9FE2-21104E38C173}.Release|ARM.Deploy.0 = Release|ARM
		{4A96E754-C4FD-4B41-9FE2-21104E38C173}.Release|x64.ActiveCfg = Release|Any CPU
		{4A96E754-C4FD-4B41-9FE2-21104E38C173}.Release|x86.ActiveCfg = Release|x86
		{4A96E754-C4FD-4B41-9FE2-21104E38C173}.Release|x86.Build.0 = Release|x86
		{4A96E754-C4FD-4B41-9FE2-21104E38C173}.Release|x86.Deploy.0 = Release|x86
		{1769BDFD-8773-4BC4-8935-AA85366CA342}.Debug|Any CPU.ActiveCfg = Debug|Any CPU
		{1769BDFD-8773-4BC4-8935-AA85366CA342}.Debug|Any CPU.Build.0 = Debug|Any CPU
		{1769BDFD-8773-4BC4-8935-AA85366CA342}.Debug|ARM.ActiveCfg = Debug|Any CPU
		{1769BDFD-8773-4BC4-8935-AA85366CA342}.Debug|x64.ActiveCfg = Debug|Any CPU
		{1769BDFD-8773-4BC4-8935-AA85366CA342}.Debug|x86.ActiveCfg = Debug|Any CPU
		{1769BDFD-8773-4BC4-8935-AA85366CA342}.Release|Any CPU.ActiveCfg = Release|Any CPU
		{1769BDFD-8773-4BC4-8935-AA85366CA342}.Release|Any CPU.Build.0 = Release|Any CPU
		{1769BDFD-8773-4BC4-8935-AA85366CA342}.Release|ARM.ActiveCfg = Release|Any CPU
		{1769BDFD-8773-4BC4-8935-AA85366CA342}.Release|x64.ActiveCfg = Release|Any CPU
		{1769BDFD-8773-4BC4-8935-AA85366CA342}.Release|x86.ActiveCfg = Release|Any CPU
		{BA213B6C-FDBE-4608-A785-CDE8E3518A0F}.Debug|Any CPU.ActiveCfg = Debug|Any CPU
		{BA213B6C-FDBE-4608-A785-CDE8E3518A0F}.Debug|Any CPU.Build.0 = Debug|Any CPU
		{BA213B6C-FDBE-4608-A785-CDE8E3518A0F}.Debug|ARM.ActiveCfg = Debug|Any CPU
		{BA213B6C-FDBE-4608-A785-CDE8E3518A0F}.Debug|x64.ActiveCfg = Debug|Any CPU
		{BA213B6C-FDBE-4608-A785-CDE8E3518A0F}.Debug|x86.ActiveCfg = Debug|Any CPU
		{BA213B6C-FDBE-4608-A785-CDE8E3518A0F}.Release|Any CPU.ActiveCfg = Release|Any CPU
		{BA213B6C-FDBE-4608-A785-CDE8E3518A0F}.Release|Any CPU.Build.0 = Release|Any CPU
		{BA213B6C-FDBE-4608-A785-CDE8E3518A0F}.Release|ARM.ActiveCfg = Release|Any CPU
		{BA213B6C-FDBE-4608-A785-CDE8E3518A0F}.Release|x64.ActiveCfg = Release|Any CPU
		{BA213B6C-FDBE-4608-A785-CDE8E3518A0F}.Release|x86.ActiveCfg = Release|Any CPU
	EndGlobalSection
	GlobalSection(SolutionProperties) = preSolution
		HideSolutionNode = FALSE
	EndGlobalSection
	GlobalSection(NestedProjects) = preSolution
		{3587C8C5-7C45-4BA3-BB59-DA9E56744AF3} = {D4D53C6B-EB00-4E4B-B2D3-8FAD7EF0BFF9}
		{10ADEB64-3D5A-4DDD-9AC2-F1466CBE390E} = {D4D53C6B-EB00-4E4B-B2D3-8FAD7EF0BFF9}
		{4A96E754-C4FD-4B41-9FE2-21104E38C173} = {D4D53C6B-EB00-4E4B-B2D3-8FAD7EF0BFF9}
	EndGlobalSection
EndGlobal
