<?xml version="1.0" encoding="utf-8"?>
<Project ToolsVersion="4.0" xmlns="http://schemas.microsoft.com/developer/msbuild/2003">
  <ItemGroup>
    <Filter Include="Source Files">
      <UniqueIdentifier>{4FC737F1-C7A5-4376-A066-2A32D752A2FF}</UniqueIdentifier>
      <Extensions>cpp;c;cc;cxx;def;odl;idl;hpj;bat;asm;asmx</Extensions>
    </Filter>
    <Filter Include="Header Files">
      <UniqueIdentifier>{93995380-89BD-4b04-88EB-625FBE52EBFB}</UniqueIdentifier>
      <Extensions>h;hpp;hxx;hm;inl;inc;xsd</Extensions>
    </Filter>
    <Filter Include="Resource Files">
      <UniqueIdentifier>{67DA6AB6-F800-4c08-8B7A-83BB121AAD01}</UniqueIdentifier>
      <Extensions>rc;ico;cur;bmp;dlg;rc2;rct;bin;rgs;gif;jpg;jpeg;jpe;resx;tiff;tif;png;wav;mfcribbon-ms</Extensions>
    </Filter>
  </ItemGroup>
  <ItemGroup>
    <ClCompile Include="go\GoAutoBook.cpp">
      <Filter>Source Files</Filter>
    </ClCompile>
    <ClCompile Include="go\GoBensonSolver.cpp">
      <Filter>Source Files</Filter>
    </ClCompile>
    <ClCompile Include="go\GoBlock.cpp">
      <Filter>Source Files</Filter>
    </ClCompile>
    <ClCompile Include="go\GoBoard.cpp">
      <Filter>Source Files</Filter>
    </ClCompile>
    <ClCompile Include="go\GoBoardCheckPerformance.cpp">
      <Filter>Source Files</Filter>
    </ClCompile>
    <ClCompile Include="go\GoBoardHistory.cpp">
      <Filter>Source Files</Filter>
    </ClCompile>
    <ClCompile Include="go\GoBoardRestorer.cpp">
      <Filter>Source Files</Filter>
    </ClCompile>
    <ClCompile Include="go\GoBoardSynchronizer.cpp">
      <Filter>Source Files</Filter>
    </ClCompile>
    <ClCompile Include="go\GoBoardUpdater.cpp">
      <Filter>Source Files</Filter>
    </ClCompile>
    <ClCompile Include="go\GoBoardUtil.cpp">
      <Filter>Source Files</Filter>
    </ClCompile>
    <ClCompile Include="go\GoBook.cpp">
      <Filter>Source Files</Filter>
    </ClCompile>
    <ClCompile Include="go\GoChain.cpp">
      <Filter>Source Files</Filter>
    </ClCompile>
    <ClCompile Include="go\GoEyeCount.cpp">
      <Filter>Source Files</Filter>
    </ClCompile>
    <ClCompile Include="go\GoEyeUtil.cpp">
      <Filter>Source Files</Filter>
    </ClCompile>
    <ClCompile Include="go\GoGame.cpp">
      <Filter>Source Files</Filter>
    </ClCompile>
    <ClCompile Include="go\GoGtpCommandUtil.cpp">
      <Filter>Source Files</Filter>
    </ClCompile>
    <ClCompile Include="go\GoGtpEngine.cpp">
      <Filter>Source Files</Filter>
    </ClCompile>
    <ClCompile Include="go\GoGtpExtraCommands.cpp">
      <Filter>Source Files</Filter>
    </ClCompile>
    <ClCompile Include="go\GoInfluence.cpp">
      <Filter>Source Files</Filter>
    </ClCompile>
    <ClCompile Include="go\GoInit.cpp">
      <Filter>Source Files</Filter>
    </ClCompile>
    <ClCompile Include="go\GoKomi.cpp">
      <Filter>Source Files</Filter>
    </ClCompile>
    <ClCompile Include="go\GoLadder.cpp">
      <Filter>Source Files</Filter>
    </ClCompile>
    <ClCompile Include="go\GoMotive.cpp">
      <Filter>Source Files</Filter>
    </ClCompile>
    <ClCompile Include="go\GoNodeUtil.cpp">
      <Filter>Source Files</Filter>
    </ClCompile>
    <ClCompile Include="go\GoPlayer.cpp">
      <Filter>Source Files</Filter>
    </ClCompile>
    <ClCompile Include="go\GoPlayerMove.cpp">
      <Filter>Source Files</Filter>
    </ClCompile>
    <ClCompile Include="go\GoRegion.cpp">
      <Filter>Source Files</Filter>
    </ClCompile>
    <ClCompile Include="go\GoRegionBoard.cpp">
      <Filter>Source Files</Filter>
    </ClCompile>
    <ClCompile Include="go\GoRegionUtil.cpp">
      <Filter>Source Files</Filter>
    </ClCompile>
    <ClCompile Include="go\GoRules.cpp">
      <Filter>Source Files</Filter>
    </ClCompile>
    <ClCompile Include="go\GoSafetyCommands.cpp">
      <Filter>Source Files</Filter>
    </ClCompile>
    <ClCompile Include="go\GoSafetySolver.cpp">
      <Filter>Source Files</Filter>
    </ClCompile>
    <ClCompile Include="go\GoSafetyUtil.cpp">
      <Filter>Source Files</Filter>
    </ClCompile>
    <ClCompile Include="go\GoSearch.cpp">
      <Filter>Source Files</Filter>
    </ClCompile>
    <ClCompile Include="go\GoSetupUtil.cpp">
      <Filter>Source Files</Filter>
    </ClCompile>
    <ClCompile Include="go\GoStaticLadder.cpp">
      <Filter>Source Files</Filter>
    </ClCompile>
    <ClCompile Include="go\GoStaticSafetySolver.cpp">
      <Filter>Source Files</Filter>
    </ClCompile>
    <ClCompile Include="go\GoTimeControl.cpp">
      <Filter>Source Files</Filter>
    </ClCompile>
    <ClCompile Include="go\GoTimeSettings.cpp">
      <Filter>Source Files</Filter>
    </ClCompile>
    <ClCompile Include="go\GoUtil.cpp">
      <Filter>Source Files</Filter>
    </ClCompile>
    <ClCompile Include="gouct\GoUctAdditiveKnowledge.cpp">
      <Filter>Source Files</Filter>
    </ClCompile>
    <ClCompile Include="gouct\GoUctAdditiveKnowledgeFuego.cpp">
      <Filter>Source Files</Filter>
    </ClCompile>
    <ClCompile Include="gouct\GoUctAdditiveKnowledgeGreenpeep.cpp">
      <Filter>Source Files</Filter>
    </ClCompile>
    <ClCompile Include="gouct\GoUctBoard.cpp">
      <Filter>Source Files</Filter>
    </ClCompile>
    <ClCompile Include="gouct\GoUctCommands.cpp">
      <Filter>Source Files</Filter>
    </ClCompile>
    <ClCompile Include="gouct\GoUctDefaultMoveFilter.cpp">
      <Filter>Source Files</Filter>
    </ClCompile>
    <ClCompile Include="gouct\GoUctDefaultPriorKnowledge.cpp">
      <Filter>Source Files</Filter>
    </ClCompile>
    <ClCompile Include="gouct\GoUctEstimatorStat.cpp">
      <Filter>Source Files</Filter>
    </ClCompile>
    <ClCompile Include="gouct\GoUctGlobalSearch.cpp">
      <Filter>Source Files</Filter>
    </ClCompile>
    <ClCompile Include="gouct\GoUctKnowledge.cpp">
      <Filter>Source Files</Filter>
    </ClCompile>
    <ClCompile Include="gouct\GoUctKnowledgeFactory.cpp">
      <Filter>Source Files</Filter>
    </ClCompile>
    <ClCompile Include="gouct\GoUctLadderKnowledge.cpp">
      <Filter>Source Files</Filter>
    </ClCompile>
    <ClCompile Include="gouct\GoUctMoveFilter.cpp">
      <Filter>Source Files</Filter>
    </ClCompile>
    <ClCompile Include="gouct\GoUctObjectWithSearch.cpp">
      <Filter>Source Files</Filter>
    </ClCompile>
    <ClCompile Include="gouct\GoUctPlayoutPolicy.cpp">
      <Filter>Source Files</Filter>
    </ClCompile>
    <ClCompile Include="gouct\GoUctSearch.cpp">
      <Filter>Source Files</Filter>
    </ClCompile>
    <ClCompile Include="gouct\GoUctUtil.cpp">
      <Filter>Source Files</Filter>
    </ClCompile>
    <ClCompile Include="smartgame\SgBoardConst.cpp">
      <Filter>Source Files</Filter>
    </ClCompile>
    <ClCompile Include="smartgame\SgBookBuilder.cpp">
      <Filter>Source Files</Filter>
    </ClCompile>
    <ClCompile Include="smartgame\SgCmdLineOpt.cpp">
      <Filter>Source Files</Filter>
    </ClCompile>
    <ClCompile Include="smartgame\SgConnCompIterator.cpp">
      <Filter>Source Files</Filter>
    </ClCompile>
    <ClCompile Include="smartgame\SgDebug.cpp">
      <Filter>Source Files</Filter>
    </ClCompile>
    <ClCompile Include="smartgame\SgDfpnSearch.cpp">
      <Filter>Source Files</Filter>
    </ClCompile>
    <ClCompile Include="smartgame\SgEvaluatedMoves.cpp">
      <Filter>Source Files</Filter>
    </ClCompile>
    <ClCompile Include="smartgame\SgException.cpp">
      <Filter>Source Files</Filter>
    </ClCompile>
    <ClCompile Include="smartgame\SgFastLog.cpp">
      <Filter>Source Files</Filter>
    </ClCompile>
    <ClCompile Include="smartgame\SgGameReader.cpp">
      <Filter>Source Files</Filter>
    </ClCompile>
    <ClCompile Include="smartgame\SgGameWriter.cpp">
      <Filter>Source Files</Filter>
    </ClCompile>
    <ClCompile Include="smartgame\SgGtpClient.cpp">
      <Filter>Source Files</Filter>
    </ClCompile>
    <ClCompile Include="smartgame\SgGtpCommands.cpp">
      <Filter>Source Files</Filter>
    </ClCompile>
    <ClCompile Include="smartgame\SgGtpUtil.cpp">
      <Filter>Source Files</Filter>
    </ClCompile>
    <ClCompile Include="smartgame\SgIncrementalStack.cpp">
      <Filter>Source Files</Filter>
    </ClCompile>
    <ClCompile Include="smartgame\SgInit.cpp">
      <Filter>Source Files</Filter>
    </ClCompile>
    <ClCompile Include="smartgame\SgMemCheck.cpp">
      <Filter>Source Files</Filter>
    </ClCompile>
    <ClCompile Include="smartgame\SgMiaiMap.cpp">
      <Filter>Source Files</Filter>
    </ClCompile>
    <ClCompile Include="smartgame\SgMiaiStrategy.cpp">
      <Filter>Source Files</Filter>
    </ClCompile>
    <ClCompile Include="smartgame\SgMpiSynchronizer.cpp">
      <Filter>Source Files</Filter>
    </ClCompile>
    <ClCompile Include="smartgame\SgNbIterator.cpp">
      <Filter>Source Files</Filter>
    </ClCompile>
    <ClCompile Include="smartgame\SgNode.cpp">
      <Filter>Source Files</Filter>
    </ClCompile>
    <ClCompile Include="smartgame\SgNodeUtil.cpp">
      <Filter>Source Files</Filter>
    </ClCompile>
    <ClCompile Include="smartgame\SgPlatform.cpp">
      <Filter>Source Files</Filter>
    </ClCompile>
    <ClCompile Include="smartgame\SgPoint.cpp">
      <Filter>Source Files</Filter>
    </ClCompile>
    <ClCompile Include="smartgame\SgPointSet.cpp">
      <Filter>Source Files</Filter>
    </ClCompile>
    <ClCompile Include="smartgame\SgPointSetUtil.cpp">
      <Filter>Source Files</Filter>
    </ClCompile>
    <ClCompile Include="smartgame\SgProbCut.cpp">
      <Filter>Source Files</Filter>
    </ClCompile>
    <ClCompile Include="smartgame\SgProcess.cpp">
      <Filter>Source Files</Filter>
    </ClCompile>
    <ClCompile Include="smartgame\SgProp.cpp">
      <Filter>Source Files</Filter>
    </ClCompile>
    <ClCompile Include="smartgame\SgRandom.cpp">
      <Filter>Source Files</Filter>
    </ClCompile>
    <ClCompile Include="smartgame\SgRect.cpp">
      <Filter>Source Files</Filter>
    </ClCompile>
    <ClCompile Include="smartgame\SgSearch.cpp">
      <Filter>Source Files</Filter>
    </ClCompile>
    <ClCompile Include="smartgame\SgSearchControl.cpp">
      <Filter>Source Files</Filter>
    </ClCompile>
    <ClCompile Include="smartgame\SgSearchStatistics.cpp">
      <Filter>Source Files</Filter>
    </ClCompile>
    <ClCompile Include="smartgame\SgSearchTracer.cpp">
      <Filter>Source Files</Filter>
    </ClCompile>
    <ClCompile Include="smartgame\SgSearchValue.cpp">
      <Filter>Source Files</Filter>
    </ClCompile>
    <ClCompile Include="smartgame\SgStrategy.cpp">
      <Filter>Source Files</Filter>
    </ClCompile>
    <ClCompile Include="smartgame\SgStringUtil.cpp">
      <Filter>Source Files</Filter>
    </ClCompile>
    <ClCompile Include="smartgame\SgSystem.cpp">
      <Filter>Source Files</Filter>
    </ClCompile>
    <ClCompile Include="smartgame\SgTime.cpp">
      <Filter>Source Files</Filter>
    </ClCompile>
    <ClCompile Include="smartgame\SgTimeControl.cpp">
      <Filter>Source Files</Filter>
    </ClCompile>
    <ClCompile Include="smartgame\SgTimeRecord.cpp">
      <Filter>Source Files</Filter>
    </ClCompile>
    <ClCompile Include="smartgame\SgUctSearch.cpp">
      <Filter>Source Files</Filter>
    </ClCompile>
    <ClCompile Include="smartgame\SgUctTree.cpp">
      <Filter>Source Files</Filter>
    </ClCompile>
    <ClCompile Include="smartgame\SgUctTreeUtil.cpp">
      <Filter>Source Files</Filter>
    </ClCompile>
    <ClCompile Include="smartgame\SgUtil.cpp">
      <Filter>Source Files</Filter>
    </ClCompile>
    <ClCompile Include="smartgame\SgVectorUtil.cpp">
      <Filter>Source Files</Filter>
    </ClCompile>
    <ClCompile Include="smartgame\SgWrite.cpp">
      <Filter>Source Files</Filter>
    </ClCompile>
    <ClCompile Include="FuegoInterop.cpp">
      <Filter>Source Files</Filter>
    </ClCompile>
    <ClCompile Include="gtpengine\GtpEngine.cpp">
      <Filter>Source Files</Filter>
    </ClCompile>
    <ClCompile Include="gtpengine\GtpInputStream.cpp">
      <Filter>Source Files</Filter>
    </ClCompile>
    <ClCompile Include="gtpengine\GtpOutputStream.cpp">
      <Filter>Source Files</Filter>
    </ClCompile>
  </ItemGroup>
  <ItemGroup>
    <ClInclude Include="go\GoAssertBoardRestored.h">
      <Filter>Header Files</Filter>
    </ClInclude>
    <ClInclude Include="go\GoAutoBook.h">
      <Filter>Header Files</Filter>
    </ClInclude>
    <ClInclude Include="go\GoBensonSolver.h">
      <Filter>Header Files</Filter>
    </ClInclude>
    <ClInclude Include="go\GoBlock.h">
      <Filter>Header Files</Filter>
    </ClInclude>
    <ClInclude Include="go\GoBoard.h">
      <Filter>Header Files</Filter>
    </ClInclude>
    <ClInclude Include="go\GoBoardCheckPerformance.h">
      <Filter>Header Files</Filter>
    </ClInclude>
    <ClInclude Include="go\GoBoardHistory.h">
      <Filter>Header Files</Filter>
    </ClInclude>
    <ClInclude Include="go\GoBoardRestorer.h">
      <Filter>Header Files</Filter>
    </ClInclude>
    <ClInclude Include="go\GoBoardSynchronizer.h">
      <Filter>Header Files</Filter>
    </ClInclude>
    <ClInclude Include="go\GoBoardUpdater.h">
      <Filter>Header Files</Filter>
    </ClInclude>
    <ClInclude Include="go\GoBoardUtil.h">
      <Filter>Header Files</Filter>
    </ClInclude>
    <ClInclude Include="go\GoBook.h">
      <Filter>Header Files</Filter>
    </ClInclude>
    <ClInclude Include="go\GoChain.h">
      <Filter>Header Files</Filter>
    </ClInclude>
    <ClInclude Include="go\GoEyeCount.h">
      <Filter>Header Files</Filter>
    </ClInclude>
    <ClInclude Include="go\GoEyeUtil.h">
      <Filter>Header Files</Filter>
    </ClInclude>
    <ClInclude Include="go\GoGame.h">
      <Filter>Header Files</Filter>
    </ClInclude>
    <ClInclude Include="go\GoGtpCommandUtil.h">
      <Filter>Header Files</Filter>
    </ClInclude>
    <ClInclude Include="go\GoGtpEngine.h">
      <Filter>Header Files</Filter>
    </ClInclude>
    <ClInclude Include="go\GoGtpExtraCommands.h">
      <Filter>Header Files</Filter>
    </ClInclude>
    <ClInclude Include="go\GoInfluence.h">
      <Filter>Header Files</Filter>
    </ClInclude>
    <ClInclude Include="go\GoInit.h">
      <Filter>Header Files</Filter>
    </ClInclude>
    <ClInclude Include="go\GoKomi.h">
      <Filter>Header Files</Filter>
    </ClInclude>
    <ClInclude Include="go\GoLadder.h">
      <Filter>Header Files</Filter>
    </ClInclude>
    <ClInclude Include="go\GoModBoard.h">
      <Filter>Header Files</Filter>
    </ClInclude>
    <ClInclude Include="go\GoMotive.h">
      <Filter>Header Files</Filter>
    </ClInclude>
    <ClInclude Include="go\GoMoveExecutor.h">
      <Filter>Header Files</Filter>
    </ClInclude>
    <ClInclude Include="go\GoNodeUtil.h">
      <Filter>Header Files</Filter>
    </ClInclude>
    <ClInclude Include="go\GoPlayer.h">
      <Filter>Header Files</Filter>
    </ClInclude>
    <ClInclude Include="go\GoPlayerMove.h">
      <Filter>Header Files</Filter>
    </ClInclude>
    <ClInclude Include="go\GoRegion.h">
      <Filter>Header Files</Filter>
    </ClInclude>
    <ClInclude Include="go\GoRegionBoard.h">
      <Filter>Header Files</Filter>
    </ClInclude>
    <ClInclude Include="go\GoRegionUtil.h">
      <Filter>Header Files</Filter>
    </ClInclude>
    <ClInclude Include="go\GoRules.h">
      <Filter>Header Files</Filter>
    </ClInclude>
    <ClInclude Include="go\GoSafetyCommands.h">
      <Filter>Header Files</Filter>
    </ClInclude>
    <ClInclude Include="go\GoSafetySolver.h">
      <Filter>Header Files</Filter>
    </ClInclude>
    <ClInclude Include="go\GoSafetyUtil.h">
      <Filter>Header Files</Filter>
    </ClInclude>
    <ClInclude Include="go\GoSearch.h">
      <Filter>Header Files</Filter>
    </ClInclude>
    <ClInclude Include="go\GoSetup.h">
      <Filter>Header Files</Filter>
    </ClInclude>
    <ClInclude Include="go\GoSetupUtil.h">
      <Filter>Header Files</Filter>
    </ClInclude>
    <ClInclude Include="go\GoSortedMoves.h">
      <Filter>Header Files</Filter>
    </ClInclude>
    <ClInclude Include="go\GoStaticLadder.h">
      <Filter>Header Files</Filter>
    </ClInclude>
    <ClInclude Include="go\GoStaticSafetySolver.h">
      <Filter>Header Files</Filter>
    </ClInclude>
    <ClInclude Include="go\GoTimeControl.h">
      <Filter>Header Files</Filter>
    </ClInclude>
    <ClInclude Include="go\GoTimeSettings.h">
      <Filter>Header Files</Filter>
    </ClInclude>
    <ClInclude Include="go\GoUtil.h">
      <Filter>Header Files</Filter>
    </ClInclude>
    <ClInclude Include="gouct\GoUctAdditiveKnowledge.h">
      <Filter>Header Files</Filter>
    </ClInclude>
    <ClInclude Include="gouct\GoUctAdditiveKnowledgeFuego.h">
      <Filter>Header Files</Filter>
    </ClInclude>
    <ClInclude Include="gouct\GoUctAdditiveKnowledgeGreenpeep.h">
      <Filter>Header Files</Filter>
    </ClInclude>
    <ClInclude Include="gouct\GoUctBoard.h">
      <Filter>Header Files</Filter>
    </ClInclude>
    <ClInclude Include="gouct\GoUctBookBuilder.h">
      <Filter>Header Files</Filter>
    </ClInclude>
    <ClInclude Include="gouct\GoUctBookBuilderCommands.h">
      <Filter>Header Files</Filter>
    </ClInclude>
    <ClInclude Include="gouct\GoUctDefaultMoveFilter.h">
      <Filter>Header Files</Filter>
    </ClInclude>
    <ClInclude Include="gouct\GoUctDefaultPriorKnowledge.h">
      <Filter>Header Files</Filter>
    </ClInclude>
    <ClInclude Include="gouct\GoUctEstimatorStat.h">
      <Filter>Header Files</Filter>
    </ClInclude>
    <ClInclude Include="gouct\GoUctGammaMoveGenerator.h">
      <Filter>Header Files</Filter>
    </ClInclude>
    <ClInclude Include="gouct\GoUctGlobalPatternData.h">
      <Filter>Header Files</Filter>
    </ClInclude>
    <ClInclude Include="gouct\GoUctGlobalSearch.h">
      <Filter>Header Files</Filter>
    </ClInclude>
    <ClInclude Include="gouct\GoUctGreenpeepPatterns19.h">
      <Filter>Header Files</Filter>
    </ClInclude>
    <ClInclude Include="gouct\GoUctGreenpeepPatterns9.h">
      <Filter>Header Files</Filter>
    </ClInclude>
    <ClInclude Include="gouct\GoUctKnowledge.h">
      <Filter>Header Files</Filter>
    </ClInclude>
    <ClInclude Include="gouct\GoUctKnowledgeFactory.h">
      <Filter>Header Files</Filter>
    </ClInclude>
    <ClInclude Include="gouct\GoUctLadderKnowledge.h">
      <Filter>Header Files</Filter>
    </ClInclude>
    <ClInclude Include="gouct\GoUctLocalPatternData.h">
      <Filter>Header Files</Filter>
    </ClInclude>
    <ClInclude Include="gouct\GoUctMoveFilter.h">
      <Filter>Header Files</Filter>
    </ClInclude>
    <ClInclude Include="gouct\GoUctObjectWithSearch.h">
      <Filter>Header Files</Filter>
    </ClInclude>
    <ClInclude Include="gouct\GoUctPatternData.h">
      <Filter>Header Files</Filter>
    </ClInclude>
    <ClInclude Include="gouct\GoUctPatterns.h">
      <Filter>Header Files</Filter>
    </ClInclude>
    <ClInclude Include="gouct\GoUctPlayer.h">
      <Filter>Header Files</Filter>
    </ClInclude>
    <ClInclude Include="gouct\GoUctPlayoutPolicy.h">
      <Filter>Header Files</Filter>
    </ClInclude>
    <ClInclude Include="gouct\GoUctPureRandomGenerator.h">
      <Filter>Header Files</Filter>
    </ClInclude>
    <ClInclude Include="gouct\GoUctSearch.h">
      <Filter>Header Files</Filter>
    </ClInclude>
    <ClInclude Include="gouct\GoUctUtil.h">
      <Filter>Header Files</Filter>
    </ClInclude>
    <ClInclude Include="smartgame\SgAdditiveKnowledge.h">
      <Filter>Header Files</Filter>
    </ClInclude>
    <ClInclude Include="smartgame\SgArray.h">
      <Filter>Header Files</Filter>
    </ClInclude>
    <ClInclude Include="smartgame\SgArrayList.h">
      <Filter>Header Files</Filter>
    </ClInclude>
    <ClInclude Include="smartgame\SgBlackWhite.h">
      <Filter>Header Files</Filter>
    </ClInclude>
    <ClInclude Include="smartgame\SgBoardColor.h">
      <Filter>Header Files</Filter>
    </ClInclude>
    <ClInclude Include="smartgame\SgBoardConst.h">
      <Filter>Header Files</Filter>
    </ClInclude>
    <ClInclude Include="smartgame\SgBookBuilder.h">
      <Filter>Header Files</Filter>
    </ClInclude>
    <ClInclude Include="smartgame\SgBWArray.h">
      <Filter>Header Files</Filter>
    </ClInclude>
    <ClInclude Include="smartgame\SgBWSet.h">
      <Filter>Header Files</Filter>
    </ClInclude>
    <ClInclude Include="smartgame\SgCmdLineOpt.h">
      <Filter>Header Files</Filter>
    </ClInclude>
    <ClInclude Include="smartgame\SgConnCompIterator.h">
      <Filter>Header Files</Filter>
    </ClInclude>
    <ClInclude Include="smartgame\SgDebug.h">
      <Filter>Header Files</Filter>
    </ClInclude>
    <ClInclude Include="smartgame\SgDfpnSearch.h">
      <Filter>Header Files</Filter>
    </ClInclude>
    <ClInclude Include="smartgame\SgEBWArray.h">
      <Filter>Header Files</Filter>
    </ClInclude>
    <ClInclude Include="smartgame\SgEvaluatedMoves.h">
      <Filter>Header Files</Filter>
    </ClInclude>
    <ClInclude Include="smartgame\SgException.h">
      <Filter>Header Files</Filter>
    </ClInclude>
    <ClInclude Include="smartgame\SgFastLog.h">
      <Filter>Header Files</Filter>
    </ClInclude>
    <ClInclude Include="smartgame\SgGameReader.h">
      <Filter>Header Files</Filter>
    </ClInclude>
    <ClInclude Include="smartgame\SgGameWriter.h">
      <Filter>Header Files</Filter>
    </ClInclude>
    <ClInclude Include="smartgame\SgGtpClient.h">
      <Filter>Header Files</Filter>
    </ClInclude>
    <ClInclude Include="smartgame\SgGtpCommands.h">
      <Filter>Header Files</Filter>
    </ClInclude>
    <ClInclude Include="smartgame\SgGtpUtil.h">
      <Filter>Header Files</Filter>
    </ClInclude>
    <ClInclude Include="smartgame\SgHash.h">
      <Filter>Header Files</Filter>
    </ClInclude>
    <ClInclude Include="smartgame\SgHashTable.h">
      <Filter>Header Files</Filter>
    </ClInclude>
    <ClInclude Include="smartgame\SgIncrementalStack.h">
      <Filter>Header Files</Filter>
    </ClInclude>
    <ClInclude Include="smartgame\SgInit.h">
      <Filter>Header Files</Filter>
    </ClInclude>
    <ClInclude Include="smartgame\SgMarker.h">
      <Filter>Header Files</Filter>
    </ClInclude>
    <ClInclude Include="smartgame\SgMath.h">
      <Filter>Header Files</Filter>
    </ClInclude>
    <ClInclude Include="smartgame\SgMemCheck.h">
      <Filter>Header Files</Filter>
    </ClInclude>
    <ClInclude Include="smartgame\SgMiaiMap.h">
      <Filter>Header Files</Filter>
    </ClInclude>
    <ClInclude Include="smartgame\SgMiaiStrategy.h">
      <Filter>Header Files</Filter>
    </ClInclude>
    <ClInclude Include="smartgame\SgMove.h">
      <Filter>Header Files</Filter>
    </ClInclude>
    <ClInclude Include="smartgame\SgMpiSynchronizer.h">
      <Filter>Header Files</Filter>
    </ClInclude>
    <ClInclude Include="smartgame\SgNbIterator.h">
      <Filter>Header Files</Filter>
    </ClInclude>
    <ClInclude Include="smartgame\SgNode.h">
      <Filter>Header Files</Filter>
    </ClInclude>
    <ClInclude Include="smartgame\SgNodeUtil.h">
      <Filter>Header Files</Filter>
    </ClInclude>
    <ClInclude Include="smartgame\SgPlatform.h">
      <Filter>Header Files</Filter>
    </ClInclude>
    <ClInclude Include="smartgame\SgPoint.h">
      <Filter>Header Files</Filter>
    </ClInclude>
    <ClInclude Include="smartgame\SgPointArray.h">
      <Filter>Header Files</Filter>
    </ClInclude>
    <ClInclude Include="smartgame\SgPointIterator.h">
      <Filter>Header Files</Filter>
    </ClInclude>
    <ClInclude Include="smartgame\SgPointSet.h">
      <Filter>Header Files</Filter>
    </ClInclude>
    <ClInclude Include="smartgame\SgPointSetUtil.h">
      <Filter>Header Files</Filter>
    </ClInclude>
    <ClInclude Include="smartgame\SgProbCut.h">
      <Filter>Header Files</Filter>
    </ClInclude>
    <ClInclude Include="smartgame\SgProcess.h">
      <Filter>Header Files</Filter>
    </ClInclude>
    <ClInclude Include="smartgame\SgProp.h">
      <Filter>Header Files</Filter>
    </ClInclude>
    <ClInclude Include="smartgame\SgRandom.h">
      <Filter>Header Files</Filter>
    </ClInclude>
    <ClInclude Include="smartgame\SgRect.h">
      <Filter>Header Files</Filter>
    </ClInclude>
    <ClInclude Include="smartgame\SgRestorer.h">
      <Filter>Header Files</Filter>
    </ClInclude>
    <ClInclude Include="smartgame\SgSearch.h">
      <Filter>Header Files</Filter>
    </ClInclude>
    <ClInclude Include="smartgame\SgSearchControl.h">
      <Filter>Header Files</Filter>
    </ClInclude>
    <ClInclude Include="smartgame\SgSearchStatistics.h">
      <Filter>Header Files</Filter>
    </ClInclude>
    <ClInclude Include="smartgame\SgSearchTracer.h">
      <Filter>Header Files</Filter>
    </ClInclude>
    <ClInclude Include="smartgame\SgSearchValue.h">
      <Filter>Header Files</Filter>
    </ClInclude>
    <ClInclude Include="smartgame\SgSortedArray.h">
      <Filter>Header Files</Filter>
    </ClInclude>
    <ClInclude Include="smartgame\SgSortedMoves.h">
      <Filter>Header Files</Filter>
    </ClInclude>
    <ClInclude Include="smartgame\SgStack.h">
      <Filter>Header Files</Filter>
    </ClInclude>
    <ClInclude Include="smartgame\SgStatistics.h">
      <Filter>Header Files</Filter>
    </ClInclude>
    <ClInclude Include="smartgame\SgStatisticsVlt.h">
      <Filter>Header Files</Filter>
    </ClInclude>
    <ClInclude Include="smartgame\SgStrategy.h">
      <Filter>Header Files</Filter>
    </ClInclude>
    <ClInclude Include="smartgame\SgStringUtil.h">
      <Filter>Header Files</Filter>
    </ClInclude>
    <ClInclude Include="smartgame\SgSystem.h">
      <Filter>Header Files</Filter>
    </ClInclude>
    <ClInclude Include="smartgame\SgThreadedWorker.h">
      <Filter>Header Files</Filter>
    </ClInclude>
    <ClInclude Include="smartgame\SgTime.h">
      <Filter>Header Files</Filter>
    </ClInclude>
    <ClInclude Include="smartgame\SgTimeControl.h">
      <Filter>Header Files</Filter>
    </ClInclude>
    <ClInclude Include="smartgame\SgTimer.h">
      <Filter>Header Files</Filter>
    </ClInclude>
    <ClInclude Include="smartgame\SgTimeRecord.h">
      <Filter>Header Files</Filter>
    </ClInclude>
    <ClInclude Include="smartgame\SgUctSearch.h">
      <Filter>Header Files</Filter>
    </ClInclude>
    <ClInclude Include="smartgame\SgUctTree.h">
      <Filter>Header Files</Filter>
    </ClInclude>
    <ClInclude Include="smartgame\SgUctTreeUtil.h">
      <Filter>Header Files</Filter>
    </ClInclude>
    <ClInclude Include="smartgame\SgUctValue.h">
      <Filter>Header Files</Filter>
    </ClInclude>
    <ClInclude Include="smartgame\SgUtil.h">
      <Filter>Header Files</Filter>
    </ClInclude>
    <ClInclude Include="smartgame\SgVector.h">
      <Filter>Header Files</Filter>
    </ClInclude>
    <ClInclude Include="smartgame\SgVectorUtil.h">
      <Filter>Header Files</Filter>
    </ClInclude>
    <ClInclude Include="smartgame\SgWrite.h">
      <Filter>Header Files</Filter>
    </ClInclude>
    <ClInclude Include="gouct\GoUctCommands.h">
      <Filter>Header Files</Filter>
    </ClInclude>
    <ClInclude Include="gtpengine\GtpEngine.h">
      <Filter>Header Files</Filter>
    </ClInclude>
    <ClInclude Include="gtpengine\GtpInputStream.h">
      <Filter>Header Files</Filter>
    </ClInclude>
    <ClInclude Include="gtpengine\GtpOutputStream.h">
      <Filter>Header Files</Filter>
    </ClInclude>
  </ItemGroup>
  <ItemGroup>
    <None Include="book.dat" />
  </ItemGroup>
</Project>