<?xml version="1.0" encoding="utf-8"?>
<Project ToolsVersion="14.0" xmlns="http://schemas.microsoft.com/developer/msbuild/2003">
  <ItemGroup>
    <Filter Include="Resources">
      <UniqueIdentifier>5643c4ed-58ef-4613-b07c-9d863704621d</UniqueIdentifier>
      <Extensions>rc;ico;cur;bmp;dlg;rc2;rct;bin;rgs;gif;jpg;jpeg;jpe;resx;tga;tiff;tif;png;wav;mfcribbon-ms</Extensions>
    </Filter>
  </ItemGroup>
  <ItemGroup>
    <ClCompile Include="pch.cpp" />
    <ClCompile Include="fuego\go\GoAutoBook.cpp" />
    <ClCompile Include="fuego\go\GoBensonSolver.cpp" />
    <ClCompile Include="fuego\go\GoBlock.cpp" />
    <ClCompile Include="fuego\go\GoBoard.cpp" />
    <ClCompile Include="fuego\go\GoBoardCheckPerformance.cpp" />
    <ClCompile Include="fuego\go\GoBoardHistory.cpp" />
    <ClCompile Include="fuego\go\GoBoardRestorer.cpp" />
    <ClCompile Include="fuego\go\GoBoardSynchronizer.cpp" />
    <ClCompile Include="fuego\go\GoBoardUpdater.cpp" />
    <ClCompile Include="fuego\go\GoBoardUtil.cpp" />
    <ClCompile Include="fuego\go\GoBook.cpp" />
    <ClCompile Include="fuego\go\GoChain.cpp" />
    <ClCompile Include="fuego\go\GoEyeCount.cpp" />
    <ClCompile Include="fuego\go\GoEyeUtil.cpp" />
    <ClCompile Include="fuego\go\GoGame.cpp" />
    <ClCompile Include="fuego\go\GoGtpCommandUtil.cpp" />
    <ClCompile Include="fuego\go\GoGtpEngine.cpp" />
    <ClCompile Include="fuego\go\GoGtpExtraCommands.cpp" />
    <ClCompile Include="fuego\go\GoInfluence.cpp" />
    <ClCompile Include="fuego\go\GoInit.cpp" />
    <ClCompile Include="fuego\go\GoKomi.cpp" />
    <ClCompile Include="fuego\go\GoLadder.cpp" />
    <ClCompile Include="fuego\go\GoMotive.cpp" />
    <ClCompile Include="fuego\go\GoNodeUtil.cpp" />
    <ClCompile Include="fuego\go\GoPlayer.cpp" />
    <ClCompile Include="fuego\go\GoPlayerMove.cpp" />
    <ClCompile Include="fuego\go\GoRegion.cpp" />
    <ClCompile Include="fuego\go\GoRegionBoard.cpp" />
    <ClCompile Include="fuego\go\GoRegionUtil.cpp" />
    <ClCompile Include="fuego\go\GoRules.cpp" />
    <ClCompile Include="fuego\go\GoSafetyCommands.cpp" />
    <ClCompile Include="fuego\go\GoSafetySolver.cpp" />
    <ClCompile Include="fuego\go\GoSafetyUtil.cpp" />
    <ClCompile Include="fuego\go\GoSearch.cpp" />
    <ClCompile Include="fuego\go\GoSetupUtil.cpp" />
    <ClCompile Include="fuego\go\GoStaticLadder.cpp" />
    <ClCompile Include="fuego\go\GoStaticSafetySolver.cpp" />
    <ClCompile Include="fuego\go\GoTimeControl.cpp" />
    <ClCompile Include="fuego\go\GoTimeSettings.cpp" />
    <ClCompile Include="fuego\go\GoUtil.cpp" />
    <ClCompile Include="fuego\gouct\GoUctAdditiveKnowledge.cpp" />
    <ClCompile Include="fuego\gouct\GoUctAdditiveKnowledgeFuego.cpp" />
    <ClCompile Include="fuego\gouct\GoUctAdditiveKnowledgeGreenpeep.cpp" />
    <ClCompile Include="fuego\gouct\GoUctBoard.cpp" />
    <ClCompile Include="fuego\gouct\GoUctCommands.cpp" />
    <ClCompile Include="fuego\gouct\GoUctDefaultMoveFilter.cpp" />
    <ClCompile Include="fuego\gouct\GoUctDefaultPriorKnowledge.cpp" />
    <ClCompile Include="fuego\gouct\GoUctEstimatorStat.cpp" />
    <ClCompile Include="fuego\gouct\GoUctGlobalSearch.cpp" />
    <ClCompile Include="fuego\gouct\GoUctKnowledge.cpp" />
    <ClCompile Include="fuego\gouct\GoUctKnowledgeFactory.cpp" />
    <ClCompile Include="fuego\gouct\GoUctLadderKnowledge.cpp" />
    <ClCompile Include="fuego\gouct\GoUctMoveFilter.cpp" />
    <ClCompile Include="fuego\gouct\GoUctObjectWithSearch.cpp" />
    <ClCompile Include="fuego\gouct\GoUctPlayoutPolicy.cpp" />
    <ClCompile Include="fuego\gouct\GoUctSearch.cpp" />
    <ClCompile Include="fuego\gouct\GoUctUtil.cpp" />
    <ClCompile Include="fuego\gtpengine\GtpEngine.cpp" />
    <ClCompile Include="fuego\gtpengine\GtpInputStream.cpp" />
    <ClCompile Include="fuego\gtpengine\GtpOutputStream.cpp" />
    <ClCompile Include="fuego\smartgame\SgBoardConst.cpp" />
    <ClCompile Include="fuego\smartgame\SgBookBuilder.cpp" />
    <ClCompile Include="fuego\smartgame\SgCmdLineOpt.cpp" />
    <ClCompile Include="fuego\smartgame\SgConnCompIterator.cpp" />
    <ClCompile Include="fuego\smartgame\SgDebug.cpp" />
    <ClCompile Include="fuego\smartgame\SgDfpnSearch.cpp" />
    <ClCompile Include="fuego\smartgame\SgEvaluatedMoves.cpp" />
    <ClCompile Include="fuego\smartgame\SgException.cpp" />
    <ClCompile Include="fuego\smartgame\SgFastLog.cpp" />
    <ClCompile Include="fuego\smartgame\SgGameReader.cpp" />
    <ClCompile Include="fuego\smartgame\SgGameWriter.cpp" />
    <ClCompile Include="fuego\smartgame\SgGtpClient.cpp" />
    <ClCompile Include="fuego\smartgame\SgGtpCommands.cpp" />
    <ClCompile Include="fuego\smartgame\SgGtpUtil.cpp" />
    <ClCompile Include="fuego\smartgame\SgIncrementalStack.cpp" />
    <ClCompile Include="fuego\smartgame\SgInit.cpp" />
    <ClCompile Include="fuego\smartgame\SgMemCheck.cpp" />
    <ClCompile Include="fuego\smartgame\SgMiaiMap.cpp" />
    <ClCompile Include="fuego\smartgame\SgMiaiStrategy.cpp" />
    <ClCompile Include="fuego\smartgame\SgMpiSynchronizer.cpp" />
    <ClCompile Include="fuego\smartgame\SgNbIterator.cpp" />
    <ClCompile Include="fuego\smartgame\SgNode.cpp" />
    <ClCompile Include="fuego\smartgame\SgNodeUtil.cpp" />
    <ClCompile Include="fuego\smartgame\SgPlatform.cpp" />
    <ClCompile Include="fuego\smartgame\SgPoint.cpp" />
    <ClCompile Include="fuego\smartgame\SgPointSet.cpp" />
    <ClCompile Include="fuego\smartgame\SgPointSetUtil.cpp" />
    <ClCompile Include="fuego\smartgame\SgProbCut.cpp" />
    <ClCompile Include="fuego\smartgame\SgProcess.cpp" />
    <ClCompile Include="fuego\smartgame\SgProp.cpp" />
    <ClCompile Include="fuego\smartgame\SgRandom.cpp" />
    <ClCompile Include="fuego\smartgame\SgRect.cpp" />
    <ClCompile Include="fuego\smartgame\SgSearch.cpp" />
    <ClCompile Include="fuego\smartgame\SgSearchControl.cpp" />
    <ClCompile Include="fuego\smartgame\SgSearchStatistics.cpp" />
    <ClCompile Include="fuego\smartgame\SgSearchTracer.cpp" />
    <ClCompile Include="fuego\smartgame\SgSearchValue.cpp" />
    <ClCompile Include="fuego\smartgame\SgStrategy.cpp" />
    <ClCompile Include="fuego\smartgame\SgStringUtil.cpp" />
    <ClCompile Include="fuego\smartgame\SgSystem.cpp" />
    <ClCompile Include="fuego\smartgame\SgTime.cpp" />
    <ClCompile Include="fuego\smartgame\SgTimeControl.cpp" />
    <ClCompile Include="fuego\smartgame\SgTimeRecord.cpp" />
    <ClCompile Include="fuego\smartgame\SgUctSearch.cpp" />
    <ClCompile Include="fuego\smartgame\SgUctTree.cpp" />
    <ClCompile Include="fuego\smartgame\SgUctTreeUtil.cpp" />
    <ClCompile Include="fuego\smartgame\SgUtil.cpp" />
    <ClCompile Include="fuego\smartgame\SgVectorUtil.cpp" />
    <ClCompile Include="fuego\smartgame\SgWrite.cpp" />
    <ClCompile Include="FuegoInstance.cpp" />
  </ItemGroup>
  <ItemGroup>
    <ClInclude Include="pch.h" />
    <ClInclude Include="fuego\go\GoAssertBoardRestored.h" />
    <ClInclude Include="fuego\go\GoAutoBook.h" />
    <ClInclude Include="fuego\go\GoBensonSolver.h" />
    <ClInclude Include="fuego\go\GoBlock.h" />
    <ClInclude Include="fuego\go\GoBoard.h" />
    <ClInclude Include="fuego\go\GoBoardCheckPerformance.h" />
    <ClInclude Include="fuego\go\GoBoardHistory.h" />
    <ClInclude Include="fuego\go\GoBoardRestorer.h" />
    <ClInclude Include="fuego\go\GoBoardSynchronizer.h" />
    <ClInclude Include="fuego\go\GoBoardUpdater.h" />
    <ClInclude Include="fuego\go\GoBoardUtil.h" />
    <ClInclude Include="fuego\go\GoBook.h" />
    <ClInclude Include="fuego\go\GoChain.h" />
    <ClInclude Include="fuego\go\GoEyeCount.h" />
    <ClInclude Include="fuego\go\GoEyeUtil.h" />
    <ClInclude Include="fuego\go\GoGame.h" />
    <ClInclude Include="fuego\go\GoGtpCommandUtil.h" />
    <ClInclude Include="fuego\go\GoGtpEngine.h" />
    <ClInclude Include="fuego\go\GoGtpExtraCommands.h" />
    <ClInclude Include="fuego\go\GoInfluence.h" />
    <ClInclude Include="fuego\go\GoInit.h" />
    <ClInclude Include="fuego\go\GoKomi.h" />
    <ClInclude Include="fuego\go\GoLadder.h" />
    <ClInclude Include="fuego\go\GoModBoard.h" />
    <ClInclude Include="fuego\go\GoMotive.h" />
    <ClInclude Include="fuego\go\GoMoveExecutor.h" />
    <ClInclude Include="fuego\go\GoNodeUtil.h" />
    <ClInclude Include="fuego\go\GoPlayer.h" />
    <ClInclude Include="fuego\go\GoPlayerMove.h" />
    <ClInclude Include="fuego\go\GoRegion.h" />
    <ClInclude Include="fuego\go\GoRegionBoard.h" />
    <ClInclude Include="fuego\go\GoRegionUtil.h" />
    <ClInclude Include="fuego\go\GoRules.h" />
    <ClInclude Include="fuego\go\GoSafetyCommands.h" />
    <ClInclude Include="fuego\go\GoSafetySolver.h" />
    <ClInclude Include="fuego\go\GoSafetyUtil.h" />
    <ClInclude Include="fuego\go\GoSearch.h" />
    <ClInclude Include="fuego\go\GoSetup.h" />
    <ClInclude Include="fuego\go\GoSetupUtil.h" />
    <ClInclude Include="fuego\go\GoSortedMoves.h" />
    <ClInclude Include="fuego\go\GoStaticLadder.h" />
    <ClInclude Include="fuego\go\GoStaticSafetySolver.h" />
    <ClInclude Include="fuego\go\GoTimeControl.h" />
    <ClInclude Include="fuego\go\GoTimeSettings.h" />
    <ClInclude Include="fuego\go\GoUtil.h" />
    <ClInclude Include="fuego\gouct\GoUctAdditiveKnowledge.h" />
    <ClInclude Include="fuego\gouct\GoUctAdditiveKnowledgeFuego.h" />
    <ClInclude Include="fuego\gouct\GoUctAdditiveKnowledgeGreenpeep.h" />
    <ClInclude Include="fuego\gouct\GoUctBoard.h" />
    <ClInclude Include="fuego\gouct\GoUctBookBuilder.h" />
    <ClInclude Include="fuego\gouct\GoUctBookBuilderCommands.h" />
    <ClInclude Include="fuego\gouct\GoUctCommands.h" />
    <ClInclude Include="fuego\gouct\GoUctDefaultMoveFilter.h" />
    <ClInclude Include="fuego\gouct\GoUctDefaultPriorKnowledge.h" />
    <ClInclude Include="fuego\gouct\GoUctEstimatorStat.h" />
    <ClInclude Include="fuego\gouct\GoUctGammaMoveGenerator.h" />
    <ClInclude Include="fuego\gouct\GoUctGlobalPatternData.h" />
    <ClInclude Include="fuego\gouct\GoUctGlobalSearch.h" />
    <ClInclude Include="fuego\gouct\GoUctGreenpeepPatterns9.h" />
    <ClInclude Include="fuego\gouct\GoUctGreenpeepPatterns19.h" />
    <ClInclude Include="fuego\gouct\GoUctKnowledge.h" />
    <ClInclude Include="fuego\gouct\GoUctKnowledgeFactory.h" />
    <ClInclude Include="fuego\gouct\GoUctLadderKnowledge.h" />
    <ClInclude Include="fuego\gouct\GoUctLocalPatternData.h" />
    <ClInclude Include="fuego\gouct\GoUctMoveFilter.h" />
    <ClInclude Include="fuego\gouct\GoUctObjectWithSearch.h" />
    <ClInclude Include="fuego\gouct\GoUctPatternData.h" />
    <ClInclude Include="fuego\gouct\GoUctPatterns.h" />
    <ClInclude Include="fuego\gouct\GoUctPlayer.h" />
    <ClInclude Include="fuego\gouct\GoUctPlayoutPolicy.h" />
    <ClInclude Include="fuego\gouct\GoUctPureRandomGenerator.h" />
    <ClInclude Include="fuego\gouct\GoUctSearch.h" />
    <ClInclude Include="fuego\gouct\GoUctUtil.h" />
    <ClInclude Include="fuego\gtpengine\GtpEngine.h" />
    <ClInclude Include="fuego\gtpengine\GtpInputStream.h" />
    <ClInclude Include="fuego\gtpengine\GtpOutputStream.h" />
    <ClInclude Include="fuego\smartgame\SgAdditiveKnowledge.h" />
    <ClInclude Include="fuego\smartgame\SgArray.h" />
    <ClInclude Include="fuego\smartgame\SgArrayList.h" />
    <ClInclude Include="fuego\smartgame\SgBlackWhite.h" />
    <ClInclude Include="fuego\smartgame\SgBoardColor.h" />
    <ClInclude Include="fuego\smartgame\SgBoardConst.h" />
    <ClInclude Include="fuego\smartgame\SgBookBuilder.h" />
    <ClInclude Include="fuego\smartgame\SgBWArray.h" />
    <ClInclude Include="fuego\smartgame\SgBWSet.h" />
    <ClInclude Include="fuego\smartgame\SgCmdLineOpt.h" />
    <ClInclude Include="fuego\smartgame\SgConnCompIterator.h" />
    <ClInclude Include="fuego\smartgame\SgDebug.h" />
    <ClInclude Include="fuego\smartgame\SgDfpnSearch.h" />
    <ClInclude Include="fuego\smartgame\SgEBWArray.h" />
    <ClInclude Include="fuego\smartgame\SgEvaluatedMoves.h" />
    <ClInclude Include="fuego\smartgame\SgException.h" />
    <ClInclude Include="fuego\smartgame\SgFastLog.h" />
    <ClInclude Include="fuego\smartgame\SgGameReader.h" />
    <ClInclude Include="fuego\smartgame\SgGameWriter.h" />
    <ClInclude Include="fuego\smartgame\SgGtpClient.h" />
    <ClInclude Include="fuego\smartgame\SgGtpCommands.h" />
    <ClInclude Include="fuego\smartgame\SgGtpUtil.h" />
    <ClInclude Include="fuego\smartgame\SgHash.h" />
    <ClInclude Include="fuego\smartgame\SgHashTable.h" />
    <ClInclude Include="fuego\smartgame\SgIncrementalStack.h" />
    <ClInclude Include="fuego\smartgame\SgInit.h" />
    <ClInclude Include="fuego\smartgame\SgMarker.h" />
    <ClInclude Include="fuego\smartgame\SgMath.h" />
    <ClInclude Include="fuego\smartgame\SgMemCheck.h" />
    <ClInclude Include="fuego\smartgame\SgMiaiMap.h" />
    <ClInclude Include="fuego\smartgame\SgMiaiStrategy.h" />
    <ClInclude Include="fuego\smartgame\SgMove.h" />
    <ClInclude Include="fuego\smartgame\SgMpiSynchronizer.h" />
    <ClInclude Include="fuego\smartgame\SgNbIterator.h" />
    <ClInclude Include="fuego\smartgame\SgNode.h" />
    <ClInclude Include="fuego\smartgame\SgNodeUtil.h" />
    <ClInclude Include="fuego\smartgame\SgPlatform.h" />
    <ClInclude Include="fuego\smartgame\SgPoint.h" />
    <ClInclude Include="fuego\smartgame\SgPointArray.h" />
    <ClInclude Include="fuego\smartgame\SgPointIterator.h" />
    <ClInclude Include="fuego\smartgame\SgPointSet.h" />
    <ClInclude Include="fuego\smartgame\SgPointSetUtil.h" />
    <ClInclude Include="fuego\smartgame\SgProbCut.h" />
    <ClInclude Include="fuego\smartgame\SgProcess.h" />
    <ClInclude Include="fuego\smartgame\SgProp.h" />
    <ClInclude Include="fuego\smartgame\SgRandom.h" />
    <ClInclude Include="fuego\smartgame\SgRect.h" />
    <ClInclude Include="fuego\smartgame\SgRestorer.h" />
    <ClInclude Include="fuego\smartgame\SgSearch.h" />
    <ClInclude Include="fuego\smartgame\SgSearchControl.h" />
    <ClInclude Include="fuego\smartgame\SgSearchStatistics.h" />
    <ClInclude Include="fuego\smartgame\SgSearchTracer.h" />
    <ClInclude Include="fuego\smartgame\SgSearchValue.h" />
    <ClInclude Include="fuego\smartgame\SgSortedArray.h" />
    <ClInclude Include="fuego\smartgame\SgSortedMoves.h" />
    <ClInclude Include="fuego\smartgame\SgStack.h" />
    <ClInclude Include="fuego\smartgame\SgStatistics.h" />
    <ClInclude Include="fuego\smartgame\SgStatisticsVlt.h" />
    <ClInclude Include="fuego\smartgame\SgStrategy.h" />
    <ClInclude Include="fuego\smartgame\SgStringUtil.h" />
    <ClInclude Include="fuego\smartgame\SgSystem.h" />
    <ClInclude Include="fuego\smartgame\SgThreadedWorker.h" />
    <ClInclude Include="fuego\smartgame\SgTime.h" />
    <ClInclude Include="fuego\smartgame\SgTimeControl.h" />
    <ClInclude Include="fuego\smartgame\SgTimer.h" />
    <ClInclude Include="fuego\smartgame\SgTimeRecord.h" />
    <ClInclude Include="fuego\smartgame\SgUctSearch.h" />
    <ClInclude Include="fuego\smartgame\SgUctTree.h" />
    <ClInclude Include="fuego\smartgame\SgUctTreeUtil.h" />
    <ClInclude Include="fuego\smartgame\SgUctValue.h" />
    <ClInclude Include="fuego\smartgame\SgUtil.h" />
    <ClInclude Include="fuego\smartgame\SgVector.h" />
    <ClInclude Include="fuego\smartgame\SgVectorUtil.h" />
    <ClInclude Include="fuego\smartgame\SgWrite.h" />
    <ClInclude Include="FuegoInstance.h" />
  </ItemGroup>
</Project>